
Microsoft Visual Studio Solution File, Format Version 12.00
# Visual Studio Version 16
VisualStudioVersion = 16.0.29411.108
MinimumVisualStudioVersion = 10.0.40219.1
Project("{2150E333-8FDC-42A3-9474-1A3956D46DE8}") = "src", "src", "{4191DEF4-DBC9-4185-A1A6-11E80A7A9B34}"
	ProjectSection(SolutionItems) = preProject
		README.md = README.md
	EndProjectSection
EndProject
Project("{9A19103F-16F7-4668-BE54-9A1E7A4F7556}") = "XamlX", "src\XamlX\XamlX.csproj", "{3986513F-FAE6-4DA6-9221-51837AFC9B3C}"
EndProject
Project("{2150E333-8FDC-42A3-9474-1A3956D46DE8}") = "tests", "tests", "{55203DEB-3DB3-4907-8275-7FBE48185148}"
	ProjectSection(SolutionItems) = preProject
		tests\Tests.Common.props = tests\Tests.Common.props
	EndProjectSection
EndProject
Project("{9A19103F-16F7-4668-BE54-9A1E7A4F7556}") = "XamlParserTests", "tests\XamlParserTests\XamlParserTests.csproj", "{6512A859-F453-4388-9DAA-9B0C3E62956E}"
EndProject
Project("{9A19103F-16F7-4668-BE54-9A1E7A4F7556}") = "XamlX.Runtime", "src\XamlX.Runtime\XamlX.Runtime.csproj", "{E232146D-783D-4927-AB4D-26569AE50F78}"
EndProject
Project("{9A19103F-16F7-4668-BE54-9A1E7A4F7556}") = "XamlX.IL.Cecil", "src\XamlX.IL.Cecil\XamlX.IL.Cecil.csproj", "{655CC2E8-C076-4DE8-8671-B7C7792DF7A3}"
EndProject
Project("{9A19103F-16F7-4668-BE54-9A1E7A4F7556}") = "CecilTests", "tests\CecilTests\CecilTests.csproj", "{20135939-0E5C-4906-9097-67F13945D042}"
EndProject
Project("{9A19103F-16F7-4668-BE54-9A1E7A4F7556}") = "CecilNetstandardTests", "tests\CecilNetstandardTests\CecilNetstandardTests.csproj", "{E7E2584A-1406-4B7A-9ADA-430C1FC9AEAE}"
EndProject
Project("{9A19103F-16F7-4668-BE54-9A1E7A4F7556}") = "BenchmarksCompiler", "src\BenchmarksCompiler\BenchmarksCompiler.csproj", "{0DC5F69A-C150-4590-90D7-303B9654011C}"
EndProject
Project("{9A19103F-16F7-4668-BE54-9A1E7A4F7556}") = "GuilabsParserTests", "tests\GuilabsParserTests\GuilabsParserTests.csproj", "{1F04876C-AD13-43D3-A948-C9AC47B23BB9}"
EndProject
Project("{2150E333-8FDC-42A3-9474-1A3956D46DE8}") = "Solution Items", "Solution Items", "{5EA90585-646C-4EB8-9C89-185C55561ABD}"
	ProjectSection(SolutionItems) = preProject
		.editorconfig = .editorconfig
		.gitignore = .gitignore
		azure-pipelines.yml = azure-pipelines.yml
		Directory.Build.props = Directory.Build.props
		Directory.Build.targets = Directory.Build.targets
		LICENSE = LICENSE
		README.md = README.md
	EndProjectSection
EndProject
Project("{9A19103F-16F7-4668-BE54-9A1E7A4F7556}") = "XamlX.Parser.GuiLabs", "src\XamlX.Parser.GuiLabs\XamlX.Parser.GuiLabs.csproj", "{379CA566-4E8B-4776-8D08-796C4B3584A5}"
EndProject
Project("{2150E333-8FDC-42A3-9474-1A3956D46DE8}") = "Props", "Props", "{98A75267-53CD-452F-A1EA-7F3F995DFF91}"
	ProjectSection(SolutionItems) = preProject
		props\TrimmingEnable.props = props\TrimmingEnable.props
	EndProjectSection
EndProject
Project("{FAE04EC0-301F-11D3-BF4B-00C04F79EFBC}") = "TypeSystemTest", "tests\TypeSystemTest\TypeSystemTest.csproj", "{BE31AA2B-9DCA-4C60-9937-66539EEF7309}"
EndProject
Global
	GlobalSection(SolutionConfigurationPlatforms) = preSolution
		Debug|Any CPU = Debug|Any CPU
		Release|Any CPU = Release|Any CPU
	EndGlobalSection
	GlobalSection(ProjectConfigurationPlatforms) = postSolution
		{3986513F-FAE6-4DA6-9221-51837AFC9B3C}.Debug|Any CPU.ActiveCfg = Debug|Any CPU
		{3986513F-FAE6-4DA6-9221-51837AFC9B3C}.Debug|Any CPU.Build.0 = Debug|Any CPU
		{3986513F-FAE6-4DA6-9221-51837AFC9B3C}.Release|Any CPU.ActiveCfg = Release|Any CPU
		{3986513F-FAE6-4DA6-9221-51837AFC9B3C}.Release|Any CPU.Build.0 = Release|Any CPU
		{6512A859-F453-4388-9DAA-9B0C3E62956E}.Debug|Any CPU.ActiveCfg = Debug|Any CPU
		{6512A859-F453-4388-9DAA-9B0C3E62956E}.Debug|Any CPU.Build.0 = Debug|Any CPU
		{6512A859-F453-4388-9DAA-9B0C3E62956E}.Release|Any CPU.ActiveCfg = Release|Any CPU
		{6512A859-F453-4388-9DAA-9B0C3E62956E}.Release|Any CPU.Build.0 = Release|Any CPU
		{E232146D-783D-4927-AB4D-26569AE50F78}.Debug|Any CPU.ActiveCfg = Debug|Any CPU
		{E232146D-783D-4927-AB4D-26569AE50F78}.Debug|Any CPU.Build.0 = Debug|Any CPU
		{E232146D-783D-4927-AB4D-26569AE50F78}.Release|Any CPU.ActiveCfg = Release|Any CPU
		{E232146D-783D-4927-AB4D-26569AE50F78}.Release|Any CPU.Build.0 = Release|Any CPU
		{655CC2E8-C076-4DE8-8671-B7C7792DF7A3}.Debug|Any CPU.ActiveCfg = Debug|Any CPU
		{655CC2E8-C076-4DE8-8671-B7C7792DF7A3}.Debug|Any CPU.Build.0 = Debug|Any CPU
		{655CC2E8-C076-4DE8-8671-B7C7792DF7A3}.Release|Any CPU.ActiveCfg = Release|Any CPU
		{655CC2E8-C076-4DE8-8671-B7C7792DF7A3}.Release|Any CPU.Build.0 = Release|Any CPU
		{20135939-0E5C-4906-9097-67F13945D042}.Debug|Any CPU.ActiveCfg = Debug|Any CPU
		{20135939-0E5C-4906-9097-67F13945D042}.Debug|Any CPU.Build.0 = Debug|Any CPU
		{20135939-0E5C-4906-9097-67F13945D042}.Release|Any CPU.ActiveCfg = Release|Any CPU
		{20135939-0E5C-4906-9097-67F13945D042}.Release|Any CPU.Build.0 = Release|Any CPU
		{E7E2584A-1406-4B7A-9ADA-430C1FC9AEAE}.Debug|Any CPU.ActiveCfg = Debug|Any CPU
		{E7E2584A-1406-4B7A-9ADA-430C1FC9AEAE}.Debug|Any CPU.Build.0 = Debug|Any CPU
		{E7E2584A-1406-4B7A-9ADA-430C1FC9AEAE}.Release|Any CPU.ActiveCfg = Release|Any CPU
		{E7E2584A-1406-4B7A-9ADA-430C1FC9AEAE}.Release|Any CPU.Build.0 = Release|Any CPU
		{0DC5F69A-C150-4590-90D7-303B9654011C}.Debug|Any CPU.ActiveCfg = Debug|Any CPU
		{0DC5F69A-C150-4590-90D7-303B9654011C}.Debug|Any CPU.Build.0 = Debug|Any CPU
		{0DC5F69A-C150-4590-90D7-303B9654011C}.Release|Any CPU.ActiveCfg = Release|Any CPU
		{0DC5F69A-C150-4590-90D7-303B9654011C}.Release|Any CPU.Build.0 = Release|Any CPU
		{1F04876C-AD13-43D3-A948-C9AC47B23BB9}.Debug|Any CPU.ActiveCfg = Debug|Any CPU
		{1F04876C-AD13-43D3-A948-C9AC47B23BB9}.Debug|Any CPU.Build.0 = Debug|Any CPU
		{1F04876C-AD13-43D3-A948-C9AC47B23BB9}.Release|Any CPU.ActiveCfg = Release|Any CPU
		{1F04876C-AD13-43D3-A948-C9AC47B23BB9}.Release|Any CPU.Build.0 = Release|Any CPU
		{379CA566-4E8B-4776-8D08-796C4B3584A5}.Debug|Any CPU.ActiveCfg = Debug|Any CPU
		{379CA566-4E8B-4776-8D08-796C4B3584A5}.Debug|Any CPU.Build.0 = Debug|Any CPU
		{379CA566-4E8B-4776-8D08-796C4B3584A5}.Release|Any CPU.ActiveCfg = Release|Any CPU
		{379CA566-4E8B-4776-8D08-796C4B3584A5}.Release|Any CPU.Build.0 = Release|Any CPU
		{BE31AA2B-9DCA-4C60-9937-66539EEF7309}.Debug|Any CPU.ActiveCfg = Debug|Any CPU
		{BE31AA2B-9DCA-4C60-9937-66539EEF7309}.Debug|Any CPU.Build.0 = Debug|Any CPU
		{BE31AA2B-9DCA-4C60-9937-66539EEF7309}.Release|Any CPU.ActiveCfg = Release|Any CPU
		{BE31AA2B-9DCA-4C60-9937-66539EEF7309}.Release|Any CPU.Build.0 = Release|Any CPU
	EndGlobalSection
	GlobalSection(SolutionProperties) = preSolution
		HideSolutionNode = FALSE
	EndGlobalSection
	GlobalSection(NestedProjects) = preSolution
		{3986513F-FAE6-4DA6-9221-51837AFC9B3C} = {4191DEF4-DBC9-4185-A1A6-11E80A7A9B34}
		{6512A859-F453-4388-9DAA-9B0C3E62956E} = {55203DEB-3DB3-4907-8275-7FBE48185148}
		{E232146D-783D-4927-AB4D-26569AE50F78} = {4191DEF4-DBC9-4185-A1A6-11E80A7A9B34}
		{655CC2E8-C076-4DE8-8671-B7C7792DF7A3} = {4191DEF4-DBC9-4185-A1A6-11E80A7A9B34}
		{20135939-0E5C-4906-9097-67F13945D042} = {55203DEB-3DB3-4907-8275-7FBE48185148}
		{E7E2584A-1406-4B7A-9ADA-430C1FC9AEAE} = {55203DEB-3DB3-4907-8275-7FBE48185148}
		{0DC5F69A-C150-4590-90D7-303B9654011C} = {4191DEF4-DBC9-4185-A1A6-11E80A7A9B34}
		{1F04876C-AD13-43D3-A948-C9AC47B23BB9} = {55203DEB-3DB3-4907-8275-7FBE48185148}
		{379CA566-4E8B-4776-8D08-796C4B3584A5} = {4191DEF4-DBC9-4185-A1A6-11E80A7A9B34}
		{98A75267-53CD-452F-A1EA-7F3F995DFF91} = {5EA90585-646C-4EB8-9C89-185C55561ABD}
		{BE31AA2B-9DCA-4C60-9937-66539EEF7309} = {55203DEB-3DB3-4907-8275-7FBE48185148}
	EndGlobalSection
	GlobalSection(ExtensibilityGlobals) = postSolution
		SolutionGuid = {B701ADE9-89EA-4C9D-BB51-0AA4E8E07217}
	EndGlobalSection
EndGlobal
